PODS:
  - CSVideoCompression (0.1.0)

DEPENDENCIES:
  - CSVideoCompression (from `../`)

EXTERNAL SOURCES:
  CSVideoCompression:
    :path: "../"

SPEC CHECKSUMS:
  CSVideoCompression: adbed1301d5e490caabc8c51c3dde73ffacc893b

PODFILE CHECKSUM: fd439d9cda01fa97c3df78af8dce83ba22b0530a

COCOAPODS: 1.5.3
